// !$*UTF8*$!
{
	archiveVersion = 1;
	classes = {
	};
	objectVersion = 50;
	objects = {

/* Begin PBXBuildFile section */
		A89533212119A7B8001E659A /* AppDelegate.swift in Sources */ = {isa = PBXBuildFile; fileRef = A89533202119A7B8001E659A /* AppDelegate.swift */; };
		A89533232119A7B8001E659A /* ViewController.swift in Sources */ = {isa = PBXBuildFile; fileRef = A89533222119A7B8001E659A /* ViewController.swift */; };
		A89533262119A7B8001E659A /* Main.storyboard in Resources */ = {isa = PBXBuildFile; fileRef = A89533242119A7B8001E659A /* Main.storyboard */; };
		A89533282119A7CA001E659A /* Assets.xcassets in Resources */ = {isa = PBXBuildFile; fileRef = A89533272119A7CA001E659A /* Assets.xcassets */; };
		A895332B2119A7CA001E659A /* LaunchScreen.storyboard in Resources */ = {isa = PBXBuildFile; fileRef = A89533292119A7CA001E659A /* LaunchScreen.storyboard */; };
		A89533362119A7CC001E659A /* TableViewDemoTests.swift in Sources */ = {isa = PBXBuildFile; fileRef = A89533352119A7CC001E659A /* TableViewDemoTests.swift */; };
		A89533412119A7CC001E659A /* TableViewDemoUITests.swift in Sources */ = {isa = PBXBuildFile; fileRef = A89533402119A7CC001E659A /* TableViewDemoUITests.swift */; };
		A89533512119A86A001E659A /* CustomTableViewCell.swift in Sources */ = {isa = PBXBuildFile; fileRef = A895334F2119A86A001E659A /* CustomTableViewCell.swift */; };
		A89533522119A86A001E659A /* CustomTableViewCell.xib in Resources */ = {isa = PBXBuildFile; fileRef = A89533502119A86A001E659A /* CustomTableViewCell.xib */; };
		A89533572119AA9E001E659A /* A.png in Resources */ = {isa = PBXBuildFile; fileRef = A89533542119AA9C001E659A /* A.png */; };
		A89533582119AA9E001E659A /* B.png in Resources */ = {isa = PBXBuildFile; fileRef = A89533552119AA9C001E659A /* B.png */; };
		A89533592119AA9E001E659A /* C.png in Resources */ = {isa = PBXBuildFile; fileRef = A89533562119AA9C001E659A /* C.png */; };
		A895335B2119B40D001E659A /* data.json in Resources */ = {isa = PBXBuildFile; fileRef = A895335A2119B40D001E659A /* data.json */; };
		A895335E2119B4BD001E659A /* SampleVO.swift in Sources */ = {isa = PBXBuildFile; fileRef = A895335D2119B4BD001E659A /* SampleVO.swift */; };
/* End PBXBuildFile section */

/* Begin PBXContainerItemProxy section */
		A89533322119A7CC001E659A /* PBXContainerItemProxy */ = {
			isa = PBXContainerItemProxy;
			containerPortal = A89533152119A7B8001E659A /* Project object */;
			proxyType = 1;
			remoteGlobalIDString = A895331C2119A7B8001E659A;
			remoteInfo = TableViewDemo;
		};
		A895333D2119A7CC001E659A /* PBXContainerItemProxy */ = {
			isa = PBXContainerItemProxy;
			containerPortal = A89533152119A7B8001E659A /* Project object */;
			proxyType = 1;
			remoteGlobalIDString = A895331C2119A7B8001E659A;
			remoteInfo = TableViewDemo;
		};
/* End PBXContainerItemProxy section */

/* Begin PBXFileReference section */
		A895331D2119A7B8001E659A /* TableViewDemo.app */ = {isa = PBXFileReference; explicitFileType = wrapper.application; includeInIndex = 0; path = TableViewDemo.app; sourceTree = BUILT_PRODUCTS_DIR; };
		A89533202119A7B8001E659A /* AppDelegate.swift */ = {isa = PBXFileReference; lastKnownFileType = sourcecode.swift; path = AppDelegate.swift; sourceTree = "<group>"; };
		A89533222119A7B8001E659A /* ViewController.swift */ = {isa = PBXFileReference; lastKnownFileType = sourcecode.swift; path = ViewController.swift; sourceTree = "<group>"; };
		A89533252119A7B8001E659A /* Base */ = {isa = PBXFileReference; lastKnownFileType = file.storyboard; name = Base; path = Base.lproj/Main.storyboard; sourceTree = "<group>"; };
		A89533272119A7CA001E659A /* Assets.xcassets */ = {isa = PBXFileReference; lastKnownFileType = folder.assetcatalog; path = Assets.xcassets; sourceTree = "<group>"; };
		A895332A2119A7CA001E659A /* Base */ = {isa = PBXFileReference; lastKnownFileType = file.storyboard; name = Base; path = Base.lproj/LaunchScreen.storyboard; sourceTree = "<group>"; };
		A895332C2119A7CA001E659A /* Info.plist */ = {isa = PBXFileReference; lastKnownFileType = text.plist.xml; path = Info.plist; sourceTree = "<group>"; };
		A89533312119A7CC001E659A /* TableViewDemoTests.xctest */ = {isa = PBXFileReference; explicitFileType = wrapper.cfbundle; includeInIndex = 0; path = TableViewDemoTests.xctest; sourceTree = BUILT_PRODUCTS_DIR; };
		A89533352119A7CC001E659A /* TableViewDemoTests.swift */ = {isa = PBXFileReference; lastKnownFileType = sourcecode.swift; path = TableViewDemoTests.swift; sourceTree = "<group>"; };
		A89533372119A7CC001E659A /* Info.plist */ = {isa = PBXFileReference; lastKnownFileType = text.plist.xml; path = Info.plist; sourceTree = "<group>"; };
		A895333C2119A7CC001E659A /* TableViewDemoUITests.xctest */ = {isa = PBXFileReference; explicitFileType = wrapper.cfbundle; includeInIndex = 0; path = TableViewDemoUITests.xctest; sourceTree = BUILT_PRODUCTS_DIR; };
		A89533402119A7CC001E659A /* TableViewDemoUITests.swift */ = {isa = PBXFileReference; lastKnownFileType = sourcecode.swift; path = TableViewDemoUITests.swift; sourceTree = "<group>"; };
		A89533422119A7CC001E659A /* Info.plist */ = {isa = PBXFileReference; lastKnownFileType = text.plist.xml; path = Info.plist; sourceTree = "<group>"; };
		A895334F2119A86A001E659A /* CustomTableViewCell.swift */ = {isa = PBXFileReference; lastKnownFileType = sourcecode.swift; path = CustomTableViewCell.swift; sourceTree = "<group>"; };
		A89533502119A86A001E659A /* CustomTableViewCell.xib */ = {isa = PBXFileReference; lastKnownFileType = file.xib; path = CustomTableViewCell.xib; sourceTree = "<group>"; };
		A89533542119AA9C001E659A /* A.png */ = {isa = PBXFileReference; lastKnownFileType = image.png; path = A.png; sourceTree = "<group>"; };
		A89533552119AA9C001E659A /* B.png */ = {isa = PBXFileReference; lastKnownFileType = image.png; path = B.png; sourceTree = "<group>"; };
		A89533562119AA9C001E659A /* C.png */ = {isa = PBXFileReference; lastKnownFileType = image.png; path = C.png; sourceTree = "<group>"; };
		A895335A2119B40D001E659A /* data.json */ = {isa = PBXFileReference; lastKnownFileType = text.json; path = data.json; sourceTree = "<group>"; };
		A895335D2119B4BD001E659A /* SampleVO.swift */ = {isa = PBXFileReference; lastKnownFileType = sourcecode.swift; path = SampleVO.swift; sourceTree = "<group>"; };
/* End PBXFileReference section */

/* Begin PBXFrameworksBuildPhase section */
		A895331A2119A7B8001E659A /* Frameworks */ = {
			isa = PBXFrameworksBuildPhase;
			buildActionMask = 2147483647;
			files = (
			);
			runOnlyForDeploymentPostprocessing = 0;
		};
		A895332E2119A7CC001E659A /* Frameworks */ = {
			isa = PBXFrameworksBuildPhase;
			buildActionMask = 2147483647;
			files = (
			);
			runOnlyForDeploymentPostprocessing = 0;
		};
		A89533392119A7CC001E659A /* Frameworks */ = {
			isa = PBXFrameworksBuildPhase;
			buildActionMask = 2147483647;
			files = (
			);
			runOnlyForDeploymentPostprocessing = 0;
		};
/* End PBXFrameworksBuildPhase section */

/* Begin PBXGroup section */
		A89533142119A7B8001E659A = {
			isa = PBXGroup;
			children = (
				A895331F2119A7B8001E659A /* TableViewDemo */,
				A89533342119A7CC001E659A /* TableViewDemoTests */,
				A895333F2119A7CC001E659A /* TableViewDemoUITests */,
				A895331E2119A7B8001E659A /* Products */,
			);
			sourceTree = "<group>";
		};
		A895331E2119A7B8001E659A /* Products */ = {
			isa = PBXGroup;
			children = (
				A895331D2119A7B8001E659A /* TableViewDemo.app */,
				A89533312119A7CC001E659A /* TableViewDemoTests.xctest */,
				A895333C2119A7CC001E659A /* TableViewDemoUITests.xctest */,
			);
			name = Products;
			sourceTree = "<group>";
		};
		A895331F2119A7B8001E659A /* TableViewDemo */ = {
			isa = PBXGroup;
			children = (
				A895335C2119B4B1001E659A /* Model */,
				A89533532119AA9B001E659A /* Resouces */,
				A895334E2119A85A001E659A /* Components */,
				A89533202119A7B8001E659A /* AppDelegate.swift */,
				A89533222119A7B8001E659A /* ViewController.swift */,
				A89533242119A7B8001E659A /* Main.storyboard */,
				A89533272119A7CA001E659A /* Assets.xcassets */,
				A89533292119A7CA001E659A /* LaunchScreen.storyboard */,
				A895332C2119A7CA001E659A /* Info.plist */,
			);
			path = TableViewDemo;
			sourceTree = "<group>";
		};
		A89533342119A7CC001E659A /* TableViewDemoTests */ = {
			isa = PBXGroup;
			children = (
				A89533352119A7CC001E659A /* TableViewDemoTests.swift */,
				A89533372119A7CC001E659A /* Info.plist */,
			);
			path = TableViewDemoTests;
			sourceTree = "<group>";
		};
		A895333F2119A7CC001E659A /* TableViewDemoUITests */ = {
			isa = PBXGroup;
			children = (
				A89533402119A7CC001E659A /* TableViewDemoUITests.swift */,
				A89533422119A7CC001E659A /* Info.plist */,
			);
			path = TableViewDemoUITests;
			sourceTree = "<group>";
		};
		A895334E2119A85A001E659A /* Components */ = {
			isa = PBXGroup;
			children = (
				A895334F2119A86A001E659A /* CustomTableViewCell.swift */,
				A89533502119A86A001E659A /* CustomTableViewCell.xib */,
			);
			path = Components;
			sourceTree = "<group>";
		};
		A89533532119AA9B001E659A /* Resouces */ = {
			isa = PBXGroup;
			children = (
				A89533542119AA9C001E659A /* A.png */,
				A89533552119AA9C001E659A /* B.png */,
				A89533562119AA9C001E659A /* C.png */,
				A895335A2119B40D001E659A /* data.json */,
			);
			path = Resouces;
			sourceTree = "<group>";
		};
		A895335C2119B4B1001E659A /* Model */ = {
			isa = PBXGroup;
			children = (
				A895335D2119B4BD001E659A /* SampleVO.swift */,
			);
			path = Model;
			sourceTree = "<group>";
		};
/* End PBXGroup section */

/* Begin PBXNativeTarget section */
		A895331C2119A7B8001E659A /* TableViewDemo */ = {
			isa = PBXNativeTarget;
			buildConfigurationList = A89533452119A7CC001E659A /* Build configuration list for PBXNativeTarget "TableViewDemo" */;
			buildPhases = (
				A89533192119A7B8001E659A /* Sources */,
				A895331A2119A7B8001E659A /* Frameworks */,
				A895331B2119A7B8001E659A /* Resources */,
			);
			buildRules = (
			);
			dependencies = (
			);
			name = TableViewDemo;
			productName = TableViewDemo;
			productReference = A895331D2119A7B8001E659A /* TableViewDemo.app */;
			productType = "com.apple.product-type.application";
		};
		A89533302119A7CC001E659A /* TableViewDemoTests */ = {
			isa = PBXNativeTarget;
			buildConfigurationList = A89533482119A7CC001E659A /* Build configuration list for PBXNativeTarget "TableViewDemoTests" */;
			buildPhases = (
				A895332D2119A7CC001E659A /* Sources */,
				A895332E2119A7CC001E659A /* Frameworks */,
				A895332F2119A7CC001E659A /* Resources */,
			);
			buildRules = (
			);
			dependencies = (
				A89533332119A7CC001E659A /* PBXTargetDependency */,
			);
			name = TableViewDemoTests;
			productName = TableViewDemoTests;
			productReference = A89533312119A7CC001E659A /* TableViewDemoTests.xctest */;
			productType = "com.apple.product-type.bundle.unit-test";
		};
		A895333B2119A7CC001E659A /* TableViewDemoUITests */ = {
			isa = PBXNativeTarget;
			buildConfigurationList = A895334B2119A7CC001E659A /* Build configuration list for PBXNativeTarget "TableViewDemoUITests" */;
			buildPhases = (
				A89533382119A7CC001E659A /* Sources */,
				A89533392119A7CC001E659A /* Frameworks */,
				A895333A2119A7CC001E659A /* Resources */,
			);
			buildRules = (
			);
			dependencies = (
				A895333E2119A7CC001E659A /* PBXTargetDependency */,
			);
			name = TableViewDemoUITests;
			productName = TableViewDemoUITests;
			productReference = A895333C2119A7CC001E659A /* TableViewDemoUITests.xctest */;
			productType = "com.apple.product-type.bundle.ui-testing";
		};
/* End PBXNativeTarget section */

/* Begin PBXProject section */
		A89533152119A7B8001E659A /* Project object */ = {
			isa = PBXProject;
			attributes = {
				LastSwiftUpdateCheck = 0940;
				LastUpgradeCheck = 0940;
				ORGANIZATIONNAME = "Nguyễn Việt";
				TargetAttributes = {
					A895331C2119A7B8001E659A = {
						CreatedOnToolsVersion = 9.4.1;
					};
					A89533302119A7CC001E659A = {
						CreatedOnToolsVersion = 9.4.1;
						TestTargetID = A895331C2119A7B8001E659A;
					};
					A895333B2119A7CC001E659A = {
						CreatedOnToolsVersion = 9.4.1;
						TestTargetID = A895331C2119A7B8001E659A;
					};
				};
			};
			buildConfigurationList = A89533182119A7B8001E659A /* Build configuration list for PBXProject "TableViewDemo" */;
			compatibilityVersion = "Xcode 9.3";
			developmentRegion = en;
			hasScannedForEncodings = 0;
			knownRegions = (
				en,
				Base,
			);
			mainGroup = A89533142119A7B8001E659A;
			productRefGroup = A895331E2119A7B8001E659A /* Products */;
			projectDirPath = "";
			projectRoot = "";
			targets = (
				A895331C2119A7B8001E659A /* TableViewDemo */,
				A89533302119A7CC001E659A /* TableViewDemoTests */,
				A895333B2119A7CC001E659A /* TableViewDemoUITests */,
			);
		};
/* End PBXProject section */

/* Begin PBXResourcesBuildPhase section */
		A895331B2119A7B8001E659A /* Resources */ = {
			isa = PBXResourcesBuildPhase;
			buildActionMask = 2147483647;
			files = (
				A89533582119AA9E001E659A /* B.png in Resources */,
				A895332B2119A7CA001E659A /* LaunchScreen.storyboard in Resources */,
				A89533282119A7CA001E659A /* Assets.xcassets in Resources */,
				A895335B2119B40D001E659A /* data.json in Resources */,
				A89533572119AA9E001E659A /* A.png in Resources */,
				A89533592119AA9E001E659A /* C.png in Resources */,
				A89533522119A86A001E659A /* CustomTableViewCell.xib in Resources */,
				A89533262119A7B8001E659A /* Main.storyboard in Resources */,
			);
			runOnlyForDeploymentPostprocessing = 0;
		};
		A895332F2119A7CC001E659A /* Resources */ = {
			isa = PBXResourcesBuildPhase;
			buildActionMask = 2147483647;
			files = (
			);
			runOnlyForDeploymentPostprocessing = 0;
		};
		A895333A2119A7CC001E659A /* Resources */ = {
			isa = PBXResourcesBuildPhase;
			buildActionMask = 2147483647;
			files = (
			);
			runOnlyForDeploymentPostprocessing = 0;
		};
/* End PBXResourcesBuildPhase section */

/* Begin PBXSourcesBuildPhase section */
		A89533192119A7B8001E659A /* Sources */ = {
			isa = PBXSourcesBuildPhase;
			buildActionMask = 2147483647;
			files = (
				A895335E2119B4BD001E659A /* SampleVO.swift in Sources */,
				A89533512119A86A001E659A /* CustomTableViewCell.swift in Sources */,
				A89533232119A7B8001E659A /* ViewController.swift in Sources */,
				A89533212119A7B8001E659A /* AppDelegate.swift in Sources */,
			);
			runOnlyForDeploymentPostprocessing = 0;
		};
		A895332D2119A7CC001E659A /* Sources */ = {
			isa = PBXSourcesBuildPhase;
			buildActionMask = 2147483647;
			files = (
				A89533362119A7CC001E659A /* TableViewDemoTests.swift in Sources */,
			);
			runOnlyForDeploymentPostprocessing = 0;
		};
		A89533382119A7CC001E659A /* Sources */ = {
			isa = PBXSourcesBuildPhase;
			buildActionMask = 2147483647;
			files = (
				A89533412119A7CC001E659A /* TableViewDemoUITests.swift in Sources */,
			);
			runOnlyForDeploymentPostprocessing = 0;
		};
/* End PBXSourcesBuildPhase section */

/* Begin PBXTargetDependency section */
		A89533332119A7CC001E659A /* PBXTargetDependency */ = {
			isa = PBXTargetDependency;
			target = A895331C2119A7B8001E659A /* TableViewDemo */;
			targetProxy = A89533322119A7CC001E659A /* PBXContainerItemProxy */;
		};
		A895333E2119A7CC001E659A /* PBXTargetDependency */ = {
			isa = PBXTargetDependency;
			target = A895331C2119A7B8001E659A /* TableViewDemo */;
			targetProxy = A895333D2119A7CC001E659A /* PBXContainerItemProxy */;
		};
/* End PBXTargetDependency section */

/* Begin PBXVariantGroup section */
		A89533242119A7B8001E659A /* Main.storyboard */ = {
			isa = PBXVariantGroup;
			children = (
				A89533252119A7B8001E659A /* Base */,
			);
			name = Main.storyboard;
			sourceTree = "<group>";
		};
		A89533292119A7CA001E659A /* LaunchScreen.storyboard */ = {
			isa = PBXVariantGroup;
			children = (
				A895332A2119A7CA001E659A /* Base */,
			);
			name = LaunchScreen.storyboard;
			sourceTree = "<group>";
		};
/* End PBXVariantGroup section */

/* Begin XCBuildConfiguration section */
		A89533432119A7CC001E659A /* Debug */ = {
			isa = XCBuildConfiguration;
			buildSettings = {
				ALWAYS_SEARCH_USER_PATHS = NO;
				CLANG_ANALYZER_NONNULL = YES;
				CLANG_ANALYZER_NUMBER_OBJECT_CONVERSION = YES_AGGRESSIVE;
				CLANG_CXX_LANGUAGE_STANDARD = "gnu++14";
				CLANG_CXX_LIBRARY = "libc++";
				CLANG_ENABLE_MODULES = YES;
				CLANG_ENABLE_OBJC_ARC = YES;
				CLANG_ENABLE_OBJC_WEAK = YES;
				CLANG_WARN_BLOCK_CAPTURE_AUTORELEASING = YES;
				CLANG_WARN_BOOL_CONVERSION = YES;
				CLANG_WARN_COMMA = YES;
				CLANG_WARN_CONSTANT_CONVERSION = YES;
				CLANG_WARN_DEPRECATED_OBJC_IMPLEMENTATIONS = YES;
				CLANG_WARN_DIRECT_OBJC_ISA_USAGE = YES_ERROR;
				CLANG_WARN_DOCUMENTATION_COMMENTS = YES;
				CLANG_WARN_EMPTY_BODY = YES;
				CLANG_WARN_ENUM_CONVERSION = YES;
				CLANG_WARN_INFINITE_RECURSION = YES;
				CLANG_WARN_INT_CONVERSION = YES;
				CLANG_WARN_NON_LITERAL_NULL_CONVERSION = YES;
				CLANG_WARN_OBJC_IMPLICIT_RETAIN_SELF = YES;
				CLANG_WARN_OBJC_LITERAL_CONVERSION = YES;
				CLANG_WARN_OBJC_ROOT_CLASS = YES_ERROR;
				CLANG_WARN_RANGE_LOOP_ANALYSIS = YES;
				CLANG_WARN_STRICT_PROTOTYPES = YES;
				CLANG_WARN_SUSPICIOUS_MOVE = YES;
				CLANG_WARN_UNGUARDED_AVAILABILITY = YES_AGGRESSIVE;
				CLANG_WARN_UNREACHABLE_CODE = YES;
				CLANG_WARN__DUPLICATE_METHOD_MATCH = YES;
				CODE_SIGN_IDENTITY = "iPhone Developer";
				COPY_PHASE_STRIP = NO;
				DEBUG_INFORMATION_FORMAT = dwarf;
				ENABLE_STRICT_OBJC_MSGSEND = YES;
				ENABLE_TESTABILITY = YES;
				GCC_C_LANGUAGE_STANDARD = gnu11;
				GCC_DYNAMIC_NO_PIC = NO;
				GCC_NO_COMMON_BLOCKS = YES;
				GCC_OPTIMIZATION_LEVEL = 0;
				GCC_PREPROCESSOR_DEFINITIONS = (
					"DEBUG=1",
					"$(inherited)",
				);
				GCC_WARN_64_TO_32_BIT_CONVERSION = YES;
				GCC_WARN_ABOUT_RETURN_TYPE = YES_ERROR;
				GCC_WARN_UNDECLARED_SELECTOR = YES;
				GCC_WARN_UNINITIALIZED_AUTOS = YES_AGGRESSIVE;
				GCC_WARN_UNUSED_FUNCTION = YES;
				GCC_WARN_UNUSED_VARIABLE = YES;
				IPHONEOS_DEPLOYMENT_TARGET = 11.4;
				MTL_ENABLE_DEBUG_INFO = YES;
				ONLY_ACTIVE_ARCH = YES;
				SDKROOT = iphoneos;
				SWIFT_ACTIVE_COMPILATION_CONDITIONS = DEBUG;
				SWIFT_OPTIMIZATION_LEVEL = "-Onone";
			};
			name = Debug;
		};
		A89533442119A7CC001E659A /* Release */ = {
			isa = XCBuildConfiguration;
			buildSettings = {
				ALWAYS_SEARCH_USER_PATHS = NO;
				CLANG_ANALYZER_NONNULL = YES;
				CLANG_ANALYZER_NUMBER_OBJECT_CONVERSION = YES_AGGRESSIVE;
				CLANG_CXX_LANGUAGE_STANDARD = "gnu++14";
				CLANG_CXX_LIBRARY = "libc++";
				CLANG_ENABLE_MODULES = YES;
				CLANG_ENABLE_OBJC_ARC = YES;
				CLANG_ENABLE_OBJC_WEAK = YES;
				CLANG_WARN_BLOCK_CAPTURE_AUTORELEASING = YES;
				CLANG_WARN_BOOL_CONVERSION = YES;
				CLANG_WARN_COMMA = YES;
				CLANG_WARN_CONSTANT_CONVERSION = YES;
				CLANG_WARN_DEPRECATED_OBJC_IMPLEMENTATIONS = YES;
				CLANG_WARN_DIRECT_OBJC_ISA_USAGE = YES_ERROR;
				CLANG_WARN_DOCUMENTATION_COMMENTS = YES;
				CLANG_WARN_EMPTY_BODY = YES;
				CLANG_WARN_ENUM_CONVERSION = YES;
				CLANG_WARN_INFINITE_RECURSION = YES;
				CLANG_WARN_INT_CONVERSION = YES;
				CLANG_WARN_NON_LITERAL_NULL_CONVERSION = YES;
				CLANG_WARN_OBJC_IMPLICIT_RETAIN_SELF = YES;
				CLANG_WARN_OBJC_LITERAL_CONVERSION = YES;
				CLANG_WARN_OBJC_ROOT_CLASS = YES_ERROR;
				CLANG_WARN_RANGE_LOOP_ANALYSIS = YES;
				CLANG_WARN_STRICT_PROTOTYPES = YES;
				CLANG_WARN_SUSPICIOUS_MOVE = YES;
				CLANG_WARN_UNGUARDED_AVAILABILITY = YES_AGGRESSIVE;
				CLANG_WARN_UNREACHABLE_CODE = YES;
				CLANG_WARN__DUPLICATE_METHOD_MATCH = YES;
				CODE_SIGN_IDENTITY = "iPhone Developer";
				COPY_PHASE_STRIP = NO;
				DEBUG_INFORMATION_FORMAT = "dwarf-with-dsym";
				ENABLE_NS_ASSERTIONS = NO;
				ENABLE_STRICT_OBJC_MSGSEND = YES;
				GCC_C_LANGUAGE_STANDARD = gnu11;
				GCC_NO_COMMON_BLOCKS = YES;
				GCC_WARN_64_TO_32_BIT_CONVERSION = YES;
				GCC_WARN_ABOUT_RETURN_TYPE = YES_ERROR;
				GCC_WARN_UNDECLARED_SELECTOR = YES;
				GCC_WARN_UNINITIALIZED_AUTOS = YES_AGGRESSIVE;
				GCC_WARN_UNUSED_FUNCTION = YES;
				GCC_WARN_UNUSED_VARIABLE = YES;
				IPHONEOS_DEPLOYMENT_TARGET = 11.4;
				MTL_ENABLE_DEBUG_INFO = NO;
				SDKROOT = iphoneos;
				SWIFT_COMPILATION_MODE = wholemodule;
				SWIFT_OPTIMIZATION_LEVEL = "-O";
				VALIDATE_PRODUCT = YES;
			};
			name = Release;
		};
		A89533462119A7CC001E659A /* Debug */ = {
			isa = XCBuildConfiguration;
			buildSettings = {
				ASSETCATALOG_COMPILER_APPICON_NAME = AppIcon;
				CODE_SIGN_STYLE = Automatic;
				DEVELOPMENT_TEAM = WA7JZCPK6Y;
				INFOPLIST_FILE = TableViewDemo/Info.plist;
				IPHONEOS_DEPLOYMENT_TARGET = 10.3;
				LD_RUNPATH_SEARCH_PATHS = (
					"$(inherited)",
					"@executable_path/Frameworks",
				);
				PRODUCT_BUNDLE_IDENTIFIER = ITSOL.ProtocolDemo;
				PRODUCT_NAME = "$(TARGET_NAME)";
				SWIFT_VERSION = 4.0;
				TARGETED_DEVICE_FAMILY = "1,2";
			};
			name = Debug;
		};
		A89533472119A7CC001E659A /* Release */ = {
			isa = XCBuildConfiguration;
			buildSettings = {
				ASSETCATALOG_COMPILER_APPICON_NAME = AppIcon;
				CODE_SIGN_STYLE = Automatic;
				DEVELOPMENT_TEAM = WA7JZCPK6Y;
				INFOPLIST_FILE = TableViewDemo/Info.plist;
				IPHONEOS_DEPLOYMENT_TARGET = 10.3;
				LD_RUNPATH_SEARCH_PATHS = (
					"$(inherited)",
					"@executable_path/Frameworks",
				);
				PRODUCT_BUNDLE_IDENTIFIER = ITSOL.ProtocolDemo;
				PRODUCT_NAME = "$(TARGET_NAME)";
				SWIFT_VERSION = 4.0;
				TARGETED_DEVICE_FAMILY = "1,2";
			};
			name = Release;
		};
		A89533492119A7CC001E659A /* Debug */ = {
			isa = XCBuildConfiguration;
			buildSettings = {
				ALWAYS_EMBED_SWIFT_STANDARD_LIBRARIES = YES;
				BUNDLE_LOADER = "$(TEST_HOST)";
				CODE_SIGN_STYLE = Automatic;
				INFOPLIST_FILE = TableViewDemoTests/Info.plist;
				LD_RUNPATH_SEARCH_PATHS = (
					"$(inherited)",
					"@executable_path/Frameworks",
					"@loader_path/Frameworks",
				);
				PRODUCT_BUNDLE_IDENTIFIER = ITSOL.TableViewDemoTests;
				PRODUCT_NAME = "$(TARGET_NAME)";
				SWIFT_VERSION = 4.0;
				TARGETED_DEVICE_FAMILY = "1,2";
				TEST_HOST = "$(BUILT_PRODUCTS_DIR)/TableViewDemo.app/TableViewDemo";
			};
			name = Debug;
		};
		A895334A2119A7CC001E659A /* Release */ = {
			isa = XCBuildConfiguration;
			buildSettings = {
				ALWAYS_EMBED_SWIFT_STANDARD_LIBRARIES = YES;
				BUNDLE_LOADER = "$(TEST_HOST)";
				CODE_SIGN_STYLE = Automatic;
				INFOPLIST_FILE = TableViewDemoTests/Info.plist;
				LD_RUNPATH_SEARCH_PATHS = (
					"$(inherited)",
					"@executable_path/Frameworks",
					"@loader_path/Frameworks",
				);
				PRODUCT_BUNDLE_IDENTIFIER = ITSOL.TableViewDemoTests;
				PRODUCT_NAME = "$(TARGET_NAME)";
				SWIFT_VERSION = 4.0;
				TARGETED_DEVICE_FAMILY = "1,2";
				TEST_HOST = "$(BUILT_PRODUCTS_DIR)/TableViewDemo.app/TableViewDemo";
			};
			name = Release;
		};
		A895334C2119A7CC001E659A /* Debug */ = {
			isa = XCBuildConfiguration;
			buildSettings = {
				ALWAYS_EMBED_SWIFT_STANDARD_LIBRARIES = YES;
				CODE_SIGN_STYLE = Automatic;
				INFOPLIST_FILE = TableViewDemoUITests/Info.plist;
				LD_RUNPATH_SEARCH_PATHS = (
					"$(inherited)",
					"@executable_path/Frameworks",
					"@loader_path/Frameworks",
				);
				PRODUCT_BUNDLE_IDENTIFIER = ITSOL.TableViewDemoUITests;
				PRODUCT_NAME = "$(TARGET_NAME)";
				SWIFT_VERSION = 4.0;
				TARGETED_DEVICE_FAMILY = "1,2";
				TEST_TARGET_NAME = TableViewDemo;
			};
			name = Debug;
		};
		A895334D2119A7CC001E659A /* Release */ = {
			isa = XCBuildConfiguration;
			buildSettings = {
				ALWAYS_EMBED_SWIFT_STANDARD_LIBRARIES = YES;
				CODE_SIGN_STYLE = Automatic;
				INFOPLIST_FILE = TableViewDemoUITests/Info.plist;
				LD_RUNPATH_SEARCH_PATHS = (
					"$(inherited)",
					"@executable_path/Frameworks",
					"@loader_path/Frameworks",
				);
				PRODUCT_BUNDLE_IDENTIFIER = ITSOL.TableViewDemoUITests;
				PRODUCT_NAME = "$(TARGET_NAME)";
				SWIFT_VERSION = 4.0;
				TARGETED_DEVICE_FAMILY = "1,2";
				TEST_TARGET_NAME = TableViewDemo;
			};
			name = Release;
		};
/* End XCBuildConfiguration section */

/* Begin XCConfigurationList section */
		A89533182119A7B8001E659A /* Build configuration list for PBXProject "TableViewDemo" */ = {
			isa = XCConfigurationList;
			buildConfigurations = (
				A89533432119A7CC001E659A /* Debug */,
				A89533442119A7CC001E659A /* Release */,
			);
			defaultConfigurationIsVisible = 0;
			defaultConfigurationName = Release;
		};
		A89533452119A7CC001E659A /* Build configuration list for PBXNativeTarget "TableViewDemo" */ = {
			isa = XCConfigurationList;
			buildConfigurations = (
				A89533462119A7CC001E659A /* Debug */,
				A89533472119A7CC001E659A /* Release */,
			);
			defaultConfigurationIsVisible = 0;
			defaultConfigurationName = Release;
		};
		A89533482119A7CC001E659A /* Build configuration list for PBXNativeTarget "TableViewDemoTests" */ = {
			isa = XCConfigurationList;
			buildConfigurations = (
				A89533492119A7CC001E659A /* Debug */,
				A895334A2119A7CC001E659A /* Release */,
			);
			defaultConfigurationIsVisible = 0;
			defaultConfigurationName = Release;
		};
		A895334B2119A7CC001E659A /* Build configuration list for PBXNativeTarget "TableViewDemoUITests" */ = {
			isa = XCConfigurationList;
			buildConfigurations = (
				A895334C2119A7CC001E659A /* Debug */,
				A895334D2119A7CC001E659A /* Release */,
			);
			defaultConfigurationIsVisible = 0;
			defaultConfigurationName = Release;
		};
/* End XCConfigurationList section */
	};
	rootObject = A89533152119A7B8001E659A /* Project object */;
}
